// !$*UTF8*$!
{
	archiveVersion = 1;
	classes = {
	};
	objectVersion = 46;
	objects = {

/* Begin PBXBuildFile section */
		804A7B281BFC3434000F2DD4 /* MapKit.framework in Frameworks */ = {isa = PBXBuildFile; fileRef = 804A7B271BFC3434000F2DD4 /* MapKit.framework */; };
		804A7B2B1BFC36BA000F2DD4 /* MapContainerViewController.m in Sources */ = {isa = PBXBuildFile; fileRef = 804A7B2A1BFC36BA000F2DD4 /* MapContainerViewController.m */; };
		80A02C251C08284A007AA09C /* LoginViewController.m in Sources */ = {isa = PBXBuildFile; fileRef = 80A02C241C08284A007AA09C /* LoginViewController.m */; };
		80A02C281C082899007AA09C /* SignUpViewController.m in Sources */ = {isa = PBXBuildFile; fileRef = 80A02C271C082899007AA09C /* SignUpViewController.m */; };
		80A6A5611C0B4F88001CFEDE /* PersonalInfoViewController.m in Sources */ = {isa = PBXBuildFile; fileRef = 80A6A5601C0B4F88001CFEDE /* PersonalInfoViewController.m */; };
		80E641521C0843B100CF203A /* AccountInfoViewController.m in Sources */ = {isa = PBXBuildFile; fileRef = 80E641511C0843B100CF203A /* AccountInfoViewController.m */; };
		80E641551C08572B00CF203A /* ChangePasswordViewController.m in Sources */ = {isa = PBXBuildFile; fileRef = 80E641541C08572B00CF203A /* ChangePasswordViewController.m */; };
		80F4CB2F1BEC4887009538A6 /* main.m in Sources */ = {isa = PBXBuildFile; fileRef = 80F4CB2E1BEC4887009538A6 /* main.m */; };
		80F4CB321BEC4888009538A6 /* AppDelegate.m in Sources */ = {isa = PBXBuildFile; fileRef = 80F4CB311BEC4888009538A6 /* AppDelegate.m */; };
		80F4CB381BEC4888009538A6 /* Main.storyboard in Resources */ = {isa = PBXBuildFile; fileRef = 80F4CB361BEC4888009538A6 /* Main.storyboard */; };
		80F4CB3A1BEC4888009538A6 /* Assets.xcassets in Resources */ = {isa = PBXBuildFile; fileRef = 80F4CB391BEC4888009538A6 /* Assets.xcassets */; };
		80F4CB3D1BEC4888009538A6 /* LaunchScreen.storyboard in Resources */ = {isa = PBXBuildFile; fileRef = 80F4CB3B1BEC4888009538A6 /* LaunchScreen.storyboard */; };
		80F4CB481BEC4888009538A6 /* iOS_MPMTests.m in Sources */ = {isa = PBXBuildFile; fileRef = 80F4CB471BEC4888009538A6 /* iOS_MPMTests.m */; };
		80F4CB531BEC4888009538A6 /* iOS_MPMUITests.m in Sources */ = {isa = PBXBuildFile; fileRef = 80F4CB521BEC4888009538A6 /* iOS_MPMUITests.m */; };
		80F4CB6B1BEC4EC3009538A6 /* Bolts.framework in Frameworks */ = {isa = PBXBuildFile; fileRef = 80F4CB641BEC4EC3009538A6 /* Bolts.framework */; };
		80F4CB6C1BEC4EC3009538A6 /* ParseCrashReporting.framework in Frameworks */ = {isa = PBXBuildFile; fileRef = 80F4CB651BEC4EC3009538A6 /* ParseCrashReporting.framework */; };
		80F4CB6D1BEC4EC3009538A6 /* Parse.framework in Frameworks */ = {isa = PBXBuildFile; fileRef = 80F4CB661BEC4EC3009538A6 /* Parse.framework */; };
		80F4CB6E1BEC4EC3009538A6 /* ParseFacebookUtils.framework in Frameworks */ = {isa = PBXBuildFile; fileRef = 80F4CB671BEC4EC3009538A6 /* ParseFacebookUtils.framework */; };
		80F4CB6F1BEC4EC3009538A6 /* ParseFacebookUtilsV4.framework in Frameworks */ = {isa = PBXBuildFile; fileRef = 80F4CB681BEC4EC3009538A6 /* ParseFacebookUtilsV4.framework */; };
		80F4CB701BEC4EC3009538A6 /* ParseTwitterUtils.framework in Frameworks */ = {isa = PBXBuildFile; fileRef = 80F4CB691BEC4EC3009538A6 /* ParseTwitterUtils.framework */; };
		80F4CB711BEC4EC3009538A6 /* ParseUI.framework in Frameworks */ = {isa = PBXBuildFile; fileRef = 80F4CB6A1BEC4EC3009538A6 /* ParseUI.framework */; };
		80F4CB731BEC5088009538A6 /* AudioToolbox.framework in Frameworks */ = {isa = PBXBuildFile; fileRef = 80F4CB721BEC5088009538A6 /* AudioToolbox.framework */; };
		80F4CB751BEC5093009538A6 /* CFNetwork.framework in Frameworks */ = {isa = PBXBuildFile; fileRef = 80F4CB741BEC5093009538A6 /* CFNetwork.framework */; };
		80F4CB771BEC509B009538A6 /* CoreGraphics.framework in Frameworks */ = {isa = PBXBuildFile; fileRef = 80F4CB761BEC509B009538A6 /* CoreGraphics.framework */; };
		80F4CB791BEC50A2009538A6 /* CoreLocation.framework in Frameworks */ = {isa = PBXBuildFile; fileRef = 80F4CB781BEC50A2009538A6 /* CoreLocation.framework */; };
		80F4CB7B1BEC50AA009538A6 /* QuartzCore.framework in Frameworks */ = {isa = PBXBuildFile; fileRef = 80F4CB7A1BEC50AA009538A6 /* QuartzCore.framework */; };
		80F4CB7D1BEC50B0009538A6 /* Security.framework in Frameworks */ = {isa = PBXBuildFile; fileRef = 80F4CB7C1BEC50B0009538A6 /* Security.framework */; };
		80F4CB7F1BEC50B6009538A6 /* StoreKit.framework in Frameworks */ = {isa = PBXBuildFile; fileRef = 80F4CB7E1BEC50B6009538A6 /* StoreKit.framework */; };
		80F4CB811BEC50BD009538A6 /* SystemConfiguration.framework in Frameworks */ = {isa = PBXBuildFile; fileRef = 80F4CB801BEC50BD009538A6 /* SystemConfiguration.framework */; };
		80F4CB831BEC50C3009538A6 /* libz.tbd in Frameworks */ = {isa = PBXBuildFile; fileRef = 80F4CB821BEC50C3009538A6 /* libz.tbd */; };
		80F4CB851BEC50CC009538A6 /* libsqlite3.tbd in Frameworks */ = {isa = PBXBuildFile; fileRef = 80F4CB841BEC50CC009538A6 /* libsqlite3.tbd */; };
		AC1601421C7E09F600904001 /* Meds.plist in Resources */ = {isa = PBXBuildFile; fileRef = AC1601411C7E09F600904001 /* Meds.plist */; };
		AC1601851C7E6E2B00904001 /* MedsCategories.plist in Resources */ = {isa = PBXBuildFile; fileRef = AC1601841C7E6E2B00904001 /* MedsCategories.plist */; };
		AC1A03FA1CA9E49800462AF9 /* Allergies.plist in Resources */ = {isa = PBXBuildFile; fileRef = AC1A03F91CA9E49800462AF9 /* Allergies.plist */; };
		AC2904871CA31F7F0054B817 /* MenuTableViewController.m in Sources */ = {isa = PBXBuildFile; fileRef = AC2904861CA31F7F0054B817 /* MenuTableViewController.m */; };
		AC3009231CBDF2B2003DF9C5 /* SelectedDisordersTableViewController.m in Sources */ = {isa = PBXBuildFile; fileRef = AC3009221CBDF2B2003DF9C5 /* SelectedDisordersTableViewController.m */; };
		AC3009261CBEC989003DF9C5 /* UserProfileViewController.m in Sources */ = {isa = PBXBuildFile; fileRef = AC3009251CBEC989003DF9C5 /* UserProfileViewController.m */; };
		AC43A1671CAAC1C7000A9BA8 /* Goals.plist in Resources */ = {isa = PBXBuildFile; fileRef = AC43A1661CAAC1C7000A9BA8 /* Goals.plist */; };
		AC4AAF3C1CA9B8320048E38C /* ResultsTableViewController.m in Sources */ = {isa = PBXBuildFile; fileRef = AC4AAF3B1CA9B8320048E38C /* ResultsTableViewController.m */; };
		AC65FAB71CA09095000867A0 /* RestaurantsTableViewController.m in Sources */ = {isa = PBXBuildFile; fileRef = AC65FAB61CA09095000867A0 /* RestaurantsTableViewController.m */; };
		AC6F29681C7BA3A0001C1707 /* Cardiology.png in Resources */ = {isa = PBXBuildFile; fileRef = AC6F29641C7BA3A0001C1707 /* Cardiology.png */; };
		AC6F29691C7BA3A0001C1707 /* Health.png in Resources */ = {isa = PBXBuildFile; fileRef = AC6F29651C7BA3A0001C1707 /* Health.png */; };
		AC6F296A1C7BA3A0001C1707 /* Microscope.png in Resources */ = {isa = PBXBuildFile; fileRef = AC6F29661C7BA3A0001C1707 /* Microscope.png */; };
		AC6F296B1C7BA3A0001C1707 /* Pills.png in Resources */ = {isa = PBXBuildFile; fileRef = AC6F29671C7BA3A0001C1707 /* Pills.png */; };
		AC74C98C1C7CD7CA001BD589 /* SelectionsViewController.m in Sources */ = {isa = PBXBuildFile; fileRef = AC74C98B1C7CD7CA001BD589 /* SelectionsViewController.m */; };
		AC7531181CAC6C430029AC9C /* LikesViewController.m in Sources */ = {isa = PBXBuildFile; fileRef = AC7531171CAC6C430029AC9C /* LikesViewController.m */; };
		AC75311B1CAC6C500029AC9C /* DislikesViewController.m in Sources */ = {isa = PBXBuildFile; fileRef = AC75311A1CAC6C500029AC9C /* DislikesViewController.m */; };
		AC76D2671CA202E500DDC7FE /* CustomTableViewCell.m in Sources */ = {isa = PBXBuildFile; fileRef = AC76D2651CA202E500DDC7FE /* CustomTableViewCell.m */; };
		AC76D2681CA202E500DDC7FE /* CustomTableViewCell.xib in Resources */ = {isa = PBXBuildFile; fileRef = AC76D2661CA202E500DDC7FE /* CustomTableViewCell.xib */; };
		ACCD4BFF1CBDD072008CCAB7 /* GoalsTableViewController.m in Sources */ = {isa = PBXBuildFile; fileRef = ACCD4BFE1CBDD072008CCAB7 /* GoalsTableViewController.m */; };
		ACCD4C021CBDD2E8008CCAB7 /* MedsTableViewController.m in Sources */ = {isa = PBXBuildFile; fileRef = ACCD4C011CBDD2E8008CCAB7 /* MedsTableViewController.m */; };
		ACDADB371CBDEF1500374367 /* FoodAllergiesTableViewController.m in Sources */ = {isa = PBXBuildFile; fileRef = ACDADB361CBDEF1500374367 /* FoodAllergiesTableViewController.m */; };
		ACE3C4731CB2F0DE003E4D94 /* MealIngredientsViewController.m in Sources */ = {isa = PBXBuildFile; fileRef = ACE3C4721CB2F0DE003E4D94 /* MealIngredientsViewController.m */; };
/* End PBXBuildFile section */

/* Begin PBXContainerItemProxy section */
		80F4CB441BEC4888009538A6 /* PBXContainerItemProxy */ = {
			isa = PBXContainerItemProxy;
			containerPortal = 80F4CB221BEC4887009538A6 /* Project object */;
			proxyType = 1;
			remoteGlobalIDString = 80F4CB291BEC4887009538A6;
			remoteInfo = "iOS MPM";
		};
		80F4CB4F1BEC4888009538A6 /* PBXContainerItemProxy */ = {
			isa = PBXContainerItemProxy;
			containerPortal = 80F4CB221BEC4887009538A6 /* Project object */;
			proxyType = 1;
			remoteGlobalIDString = 80F4CB291BEC4887009538A6;
			remoteInfo = "iOS MPM";
		};
/* End PBXContainerItemProxy section */

/* Begin PBXFileReference section */
		804A7B271BFC3434000F2DD4 /* MapKit.framework */ = {isa = PBXFileReference; lastKnownFileType = wrapper.framework; name = MapKit.framework; path = System/Library/Frameworks/MapKit.framework; sourceTree = SDKROOT; };
		804A7B291BFC36BA000F2DD4 /* MapContainerViewController.h */ = {isa = PBXFileReference; fileEncoding = 4; lastKnownFileType = sourcecode.c.h; path = MapContainerViewController.h; sourceTree = "<group>"; };
		804A7B2A1BFC36BA000F2DD4 /* MapContainerViewController.m */ = {isa = PBXFileReference; fileEncoding = 4; lastKnownFileType = sourcecode.c.objc; path = MapContainerViewController.m; sourceTree = "<group>"; };
		80A02C231C08284A007AA09C /* LoginViewController.h */ = {isa = PBXFileReference; fileEncoding = 4; lastKnownFileType = sourcecode.c.h; path = LoginViewController.h; sourceTree = "<group>"; };
		80A02C241C08284A007AA09C /* LoginViewController.m */ = {isa = PBXFileReference; fileEncoding = 4; lastKnownFileType = sourcecode.c.objc; path = LoginViewController.m; sourceTree = "<group>"; };
		80A02C261C082899007AA09C /* SignUpViewController.h */ = {isa = PBXFileReference; fileEncoding = 4; lastKnownFileType = sourcecode.c.h; path = SignUpViewController.h; sourceTree = "<group>"; };
		80A02C271C082899007AA09C /* SignUpViewController.m */ = {isa = PBXFileReference; fileEncoding = 4; lastKnownFileType = sourcecode.c.objc; path = SignUpViewController.m; sourceTree = "<group>"; };
		80A6A55F1C0B4F88001CFEDE /* PersonalInfoViewController.h */ = {isa = PBXFileReference; fileEncoding = 4; lastKnownFileType = sourcecode.c.h; path = PersonalInfoViewController.h; sourceTree = "<group>"; };
		80A6A5601C0B4F88001CFEDE /* PersonalInfoViewController.m */ = {isa = PBXFileReference; fileEncoding = 4; lastKnownFileType = sourcecode.c.objc; path = PersonalInfoViewController.m; sourceTree = "<group>"; };
		80E641501C0843B100CF203A /* AccountInfoViewController.h */ = {isa = PBXFileReference; fileEncoding = 4; lastKnownFileType = sourcecode.c.h; path = AccountInfoViewController.h; sourceTree = "<group>"; };
		80E641511C0843B100CF203A /* AccountInfoViewController.m */ = {isa = PBXFileReference; fileEncoding = 4; lastKnownFileType = sourcecode.c.objc; path = AccountInfoViewController.m; sourceTree = "<group>"; };
		80E641531C08572B00CF203A /* ChangePasswordViewController.h */ = {isa = PBXFileReference; fileEncoding = 4; lastKnownFileType = sourcecode.c.h; path = ChangePasswordViewController.h; sourceTree = "<group>"; };
		80E641541C08572B00CF203A /* ChangePasswordViewController.m */ = {isa = PBXFileReference; fileEncoding = 4; lastKnownFileType = sourcecode.c.objc; path = ChangePasswordViewController.m; sourceTree = "<group>"; };
		80F4CB2A1BEC4887009538A6 /* iOS MPM.app */ = {isa = PBXFileReference; explicitFileType = wrapper.application; includeInIndex = 0; path = "iOS MPM.app"; sourceTree = BUILT_PRODUCTS_DIR; };
		80F4CB2E1BEC4887009538A6 /* main.m */ = {isa = PBXFileReference; lastKnownFileType = sourcecode.c.objc; path = main.m; sourceTree = "<group>"; };
		80F4CB301BEC4887009538A6 /* AppDelegate.h */ = {isa = PBXFileReference; lastKnownFileType = sourcecode.c.h; path = AppDelegate.h; sourceTree = "<group>"; };
		80F4CB311BEC4888009538A6 /* AppDelegate.m */ = {isa = PBXFileReference; lastKnownFileType = sourcecode.c.objc; path = AppDelegate.m; sourceTree = "<group>"; };
		80F4CB371BEC4888009538A6 /* Base */ = {isa = PBXFileReference; lastKnownFileType = file.storyboard; name = Base; path = Base.lproj/Main.storyboard; sourceTree = "<group>"; };
		80F4CB391BEC4888009538A6 /* Assets.xcassets */ = {isa = PBXFileReference; lastKnownFileType = folder.assetcatalog; path = Assets.xcassets; sourceTree = "<group>"; };
		80F4CB3C1BEC4888009538A6 /* Base */ = {isa = PBXFileReference; lastKnownFileType = file.storyboard; name = Base; path = Base.lproj/LaunchScreen.storyboard; sourceTree = "<group>"; };
		80F4CB3E1BEC4888009538A6 /* Info.plist */ = {isa = PBXFileReference; lastKnownFileType = text.plist.xml; path = Info.plist; sourceTree = "<group>"; };
		80F4CB431BEC4888009538A6 /* iOS MPMTests.xctest */ = {isa = PBXFileReference; explicitFileType = wrapper.cfbundle; includeInIndex = 0; path = "iOS MPMTests.xctest"; sourceTree = BUILT_PRODUCTS_DIR; };
		80F4CB471BEC4888009538A6 /* iOS_MPMTests.m */ = {isa = PBXFileReference; lastKnownFileType = sourcecode.c.objc; path = iOS_MPMTests.m; sourceTree = "<group>"; };
		80F4CB491BEC4888009538A6 /* Info.plist */ = {isa = PBXFileReference; lastKnownFileType = text.plist.xml; path = Info.plist; sourceTree = "<group>"; };
		80F4CB4E1BEC4888009538A6 /* iOS MPMUITests.xctest */ = {isa = PBXFileReference; explicitFileType = wrapper.cfbundle; includeInIndex = 0; path = "iOS MPMUITests.xctest"; sourceTree = BUILT_PRODUCTS_DIR; };
		80F4CB521BEC4888009538A6 /* iOS_MPMUITests.m */ = {isa = PBXFileReference; lastKnownFileType = sourcecode.c.objc; path = iOS_MPMUITests.m; sourceTree = "<group>"; };
		80F4CB541BEC4888009538A6 /* Info.plist */ = {isa = PBXFileReference; lastKnownFileType = text.plist.xml; path = Info.plist; sourceTree = "<group>"; };
		80F4CB641BEC4EC3009538A6 /* Bolts.framework */ = {isa = PBXFileReference; lastKnownFileType = wrapper.framework; path = Bolts.framework; sourceTree = "<group>"; };
		80F4CB651BEC4EC3009538A6 /* ParseCrashReporting.framework */ = {isa = PBXFileReference; lastKnownFileType = wrapper.framework; path = ParseCrashReporting.framework; sourceTree = "<group>"; };
		80F4CB661BEC4EC3009538A6 /* Parse.framework */ = {isa = PBXFileReference; lastKnownFileType = wrapper.framework; path = Parse.framework; sourceTree = "<group>"; };
		80F4CB671BEC4EC3009538A6 /* ParseFacebookUtils.framework */ = {isa = PBXFileReference; lastKnownFileType = wrapper.framework; path = ParseFacebookUtils.framework; sourceTree = "<group>"; };
		80F4CB681BEC4EC3009538A6 /* ParseFacebookUtilsV4.framework */ = {isa = PBXFileReference; lastKnownFileType = wrapper.framework; path = ParseFacebookUtilsV4.framework; sourceTree = "<group>"; };
		80F4CB691BEC4EC3009538A6 /* ParseTwitterUtils.framework */ = {isa = PBXFileReference; lastKnownFileType = wrapper.framework; path = ParseTwitterUtils.framework; sourceTree = "<group>"; };
		80F4CB6A1BEC4EC3009538A6 /* ParseUI.framework */ = {isa = PBXFileReference; lastKnownFileType = wrapper.framework; path = ParseUI.framework; sourceTree = "<group>"; };
		80F4CB721BEC5088009538A6 /* AudioToolbox.framework */ = {isa = PBXFileReference; lastKnownFileType = wrapper.framework; name = AudioToolbox.framework; path = System/Library/Frameworks/AudioToolbox.framework; sourceTree = SDKROOT; };
		80F4CB741BEC5093009538A6 /* CFNetwork.framework */ = {isa = PBXFileReference; lastKnownFileType = wrapper.framework; name = CFNetwork.framework; path = System/Library/Frameworks/CFNetwork.framework; sourceTree = SDKROOT; };
		80F4CB761BEC509B009538A6 /* CoreGraphics.framework */ = {isa = PBXFileReference; lastKnownFileType = wrapper.framework; name = CoreGraphics.framework; path = System/Library/Frameworks/CoreGraphics.framework; sourceTree = SDKROOT; };
		80F4CB781BEC50A2009538A6 /* CoreLocation.framework */ = {isa = PBXFileReference; lastKnownFileType = wrapper.framework; name = CoreLocation.framework; path = System/Library/Frameworks/CoreLocation.framework; sourceTree = SDKROOT; };
		80F4CB7A1BEC50AA009538A6 /* QuartzCore.framework */ = {isa = PBXFileReference; lastKnownFileType = wrapper.framework; name = QuartzCore.framework; path = System/Library/Frameworks/QuartzCore.framework; sourceTree = SDKROOT; };
		80F4CB7C1BEC50B0009538A6 /* Security.framework */ = {isa = PBXFileReference; lastKnownFileType = wrapper.framework; name = Security.framework; path = System/Library/Frameworks/Security.framework; sourceTree = SDKROOT; };
		80F4CB7E1BEC50B6009538A6 /* StoreKit.framework */ = {isa = PBXFileReference; lastKnownFileType = wrapper.framework; name = StoreKit.framework; path = System/Library/Frameworks/StoreKit.framework; sourceTree = SDKROOT; };
		80F4CB801BEC50BD009538A6 /* SystemConfiguration.framework */ = {isa = PBXFileReference; lastKnownFileType = wrapper.framework; name = SystemConfiguration.framework; path = System/Library/Frameworks/SystemConfiguration.framework; sourceTree = SDKROOT; };
		80F4CB821BEC50C3009538A6 /* libz.tbd */ = {isa = PBXFileReference; lastKnownFileType = "sourcecode.text-based-dylib-definition"; name = libz.tbd; path = usr/lib/libz.tbd; sourceTree = SDKROOT; };
		80F4CB841BEC50CC009538A6 /* libsqlite3.tbd */ = {isa = PBXFileReference; lastKnownFileType = "sourcecode.text-based-dylib-definition"; name = libsqlite3.tbd; path = usr/lib/libsqlite3.tbd; sourceTree = SDKROOT; };
		AC1601411C7E09F600904001 /* Meds.plist */ = {isa = PBXFileReference; fileEncoding = 4; lastKnownFileType = text.plist.xml; path = Meds.plist; sourceTree = "<group>"; };
		AC1601841C7E6E2B00904001 /* MedsCategories.plist */ = {isa = PBXFileReference; fileEncoding = 4; lastKnownFileType = text.plist.xml; path = MedsCategories.plist; sourceTree = "<group>"; };
		AC1A03F91CA9E49800462AF9 /* Allergies.plist */ = {isa = PBXFileReference; fileEncoding = 4; lastKnownFileType = text.plist.xml; path = Allergies.plist; sourceTree = "<group>"; };
		AC2904851CA31F7F0054B817 /* MenuTableViewController.h */ = {isa = PBXFileReference; fileEncoding = 4; lastKnownFileType = sourcecode.c.h; path = MenuTableViewController.h; sourceTree = "<group>"; };
		AC2904861CA31F7F0054B817 /* MenuTableViewController.m */ = {isa = PBXFileReference; fileEncoding = 4; lastKnownFileType = sourcecode.c.objc; path = MenuTableViewController.m; sourceTree = "<group>"; };
		AC3009211CBDF2B2003DF9C5 /* SelectedDisordersTableViewController.h */ = {isa = PBXFileReference; fileEncoding = 4; lastKnownFileType = sourcecode.c.h; path = SelectedDisordersTableViewController.h; sourceTree = "<group>"; };
		AC3009221CBDF2B2003DF9C5 /* SelectedDisordersTableViewController.m */ = {isa = PBXFileReference; fileEncoding = 4; lastKnownFileType = sourcecode.c.objc; path = SelectedDisordersTableViewController.m; sourceTree = "<group>"; };
		AC3009241CBEC989003DF9C5 /* UserProfileViewController.h */ = {isa = PBXFileReference; fileEncoding = 4; lastKnownFileType = sourcecode.c.h; path = UserProfileViewController.h; sourceTree = "<group>"; };
		AC3009251CBEC989003DF9C5 /* UserProfileViewController.m */ = {isa = PBXFileReference; fileEncoding = 4; lastKnownFileType = sourcecode.c.objc; path = UserProfileViewController.m; sourceTree = "<group>"; };
		AC43A1661CAAC1C7000A9BA8 /* Goals.plist */ = {isa = PBXFileReference; fileEncoding = 4; lastKnownFileType = text.plist.xml; path = Goals.plist; sourceTree = "<group>"; };
		AC4AAF3A1CA9B8320048E38C /* ResultsTableViewController.h */ = {isa = PBXFileReference; fileEncoding = 4; lastKnownFileType = sourcecode.c.h; path = ResultsTableViewController.h; sourceTree = "<group>"; };
		AC4AAF3B1CA9B8320048E38C /* ResultsTableViewController.m */ = {isa = PBXFileReference; fileEncoding = 4; lastKnownFileType = sourcecode.c.objc; path = ResultsTableViewController.m; sourceTree = "<group>"; };
		AC65FAB51CA09095000867A0 /* RestaurantsTableViewController.h */ = {isa = PBXFileReference; fileEncoding = 4; lastKnownFileType = sourcecode.c.h; path = RestaurantsTableViewController.h; sourceTree = "<group>"; };
		AC65FAB61CA09095000867A0 /* RestaurantsTableViewController.m */ = {isa = PBXFileReference; fileEncoding = 4; lastKnownFileType = sourcecode.c.objc; path = RestaurantsTableViewController.m; sourceTree = "<group>"; };
		AC6F29641C7BA3A0001C1707 /* Cardiology.png */ = {isa = PBXFileReference; lastKnownFileType = image.png; path = Cardiology.png; sourceTree = "<group>"; };
		AC6F29651C7BA3A0001C1707 /* Health.png */ = {isa = PBXFileReference; lastKnownFileType = image.png; path = Health.png; sourceTree = "<group>"; };
		AC6F29661C7BA3A0001C1707 /* Microscope.png */ = {isa = PBXFileReference; lastKnownFileType = image.png; path = Microscope.png; sourceTree = "<group>"; };
		AC6F29671C7BA3A0001C1707 /* Pills.png */ = {isa = PBXFileReference; lastKnownFileType = image.png; path = Pills.png; sourceTree = "<group>"; };
		AC74C98A1C7CD7CA001BD589 /* SelectionsViewController.h */ = {isa = PBXFileReference; fileEncoding = 4; lastKnownFileType = sourcecode.c.h; path = SelectionsViewController.h; sourceTree = "<group>"; };
		AC74C98B1C7CD7CA001BD589 /* SelectionsViewController.m */ = {isa = PBXFileReference; fileEncoding = 4; lastKnownFileType = sourcecode.c.objc; path = SelectionsViewController.m; sourceTree = "<group>"; };
		AC7531161CAC6C430029AC9C /* LikesViewController.h */ = {isa = PBXFileReference; fileEncoding = 4; lastKnownFileType = sourcecode.c.h; path = LikesViewController.h; sourceTree = "<group>"; };
		AC7531171CAC6C430029AC9C /* LikesViewController.m */ = {isa = PBXFileReference; fileEncoding = 4; lastKnownFileType = sourcecode.c.objc; path = LikesViewController.m; sourceTree = "<group>"; };
		AC7531191CAC6C500029AC9C /* DislikesViewController.h */ = {isa = PBXFileReference; fileEncoding = 4; lastKnownFileType = sourcecode.c.h; path = DislikesViewController.h; sourceTree = "<group>"; };
		AC75311A1CAC6C500029AC9C /* DislikesViewController.m */ = {isa = PBXFileReference; fileEncoding = 4; lastKnownFileType = sourcecode.c.objc; path = DislikesViewController.m; sourceTree = "<group>"; };
		AC76D2641CA202E500DDC7FE /* CustomTableViewCell.h */ = {isa = PBXFileReference; fileEncoding = 4; lastKnownFileType = sourcecode.c.h; path = CustomTableViewCell.h; sourceTree = "<group>"; };
		AC76D2651CA202E500DDC7FE /* CustomTableViewCell.m */ = {isa = PBXFileReference; fileEncoding = 4; lastKnownFileType = sourcecode.c.objc; path = CustomTableViewCell.m; sourceTree = "<group>"; };
		AC76D2661CA202E500DDC7FE /* CustomTableViewCell.xib */ = {isa = PBXFileReference; fileEncoding = 4; lastKnownFileType = file.xib; path = CustomTableViewCell.xib; sourceTree = "<group>"; };
		ACCD4BFD1CBDD072008CCAB7 /* GoalsTableViewController.h */ = {isa = PBXFileReference; fileEncoding = 4; lastKnownFileType = sourcecode.c.h; path = GoalsTableViewController.h; sourceTree = "<group>"; };
		ACCD4BFE1CBDD072008CCAB7 /* GoalsTableViewController.m */ = {isa = PBXFileReference; fileEncoding = 4; lastKnownFileType = sourcecode.c.objc; path = GoalsTableViewController.m; sourceTree = "<group>"; };
		ACCD4C001CBDD2E8008CCAB7 /* MedsTableViewController.h */ = {isa = PBXFileReference; fileEncoding = 4; lastKnownFileType = sourcecode.c.h; path = MedsTableViewController.h; sourceTree = "<group>"; };
		ACCD4C011CBDD2E8008CCAB7 /* MedsTableViewController.m */ = {isa = PBXFileReference; fileEncoding = 4; lastKnownFileType = sourcecode.c.objc; path = MedsTableViewController.m; sourceTree = "<group>"; };
		ACDADB351CBDEF1500374367 /* FoodAllergiesTableViewController.h */ = {isa = PBXFileReference; fileEncoding = 4; lastKnownFileType = sourcecode.c.h; path = FoodAllergiesTableViewController.h; sourceTree = "<group>"; };
		ACDADB361CBDEF1500374367 /* FoodAllergiesTableViewController.m */ = {isa = PBXFileReference; fileEncoding = 4; lastKnownFileType = sourcecode.c.objc; path = FoodAllergiesTableViewController.m; sourceTree = "<group>"; };
		ACE3C4711CB2F0DE003E4D94 /* MealIngredientsViewController.h */ = {isa = PBXFileReference; fileEncoding = 4; lastKnownFileType = sourcecode.c.h; path = MealIngredientsViewController.h; sourceTree = "<group>"; };
		ACE3C4721CB2F0DE003E4D94 /* MealIngredientsViewController.m */ = {isa = PBXFileReference; fileEncoding = 4; lastKnownFileType = sourcecode.c.objc; path = MealIngredientsViewController.m; sourceTree = "<group>"; };
/* End PBXFileReference section */

/* Begin PBXFrameworksBuildPhase section */
		80F4CB271BEC4887009538A6 /* Frameworks */ = {
			isa = PBXFrameworksBuildPhase;
			buildActionMask = 2147483647;
			files = (
				804A7B281BFC3434000F2DD4 /* MapKit.framework in Frameworks */,
				80F4CB791BEC50A2009538A6 /* CoreLocation.framework in Frameworks */,
				80F4CB851BEC50CC009538A6 /* libsqlite3.tbd in Frameworks */,
				80F4CB831BEC50C3009538A6 /* libz.tbd in Frameworks */,
				80F4CB811BEC50BD009538A6 /* SystemConfiguration.framework in Frameworks */,
				80F4CB7F1BEC50B6009538A6 /* StoreKit.framework in Frameworks */,
				80F4CB7D1BEC50B0009538A6 /* Security.framework in Frameworks */,
				80F4CB7B1BEC50AA009538A6 /* QuartzCore.framework in Frameworks */,
				80F4CB771BEC509B009538A6 /* CoreGraphics.framework in Frameworks */,
				80F4CB751BEC5093009538A6 /* CFNetwork.framework in Frameworks */,
				80F4CB731BEC5088009538A6 /* AudioToolbox.framework in Frameworks */,
				80F4CB6B1BEC4EC3009538A6 /* Bolts.framework in Frameworks */,
				80F4CB6D1BEC4EC3009538A6 /* Parse.framework in Frameworks */,
				80F4CB711BEC4EC3009538A6 /* ParseUI.framework in Frameworks */,
				80F4CB6E1BEC4EC3009538A6 /* ParseFacebookUtils.framework in Frameworks */,
				80F4CB6C1BEC4EC3009538A6 /* ParseCrashReporting.framework in Frameworks */,
				80F4CB701BEC4EC3009538A6 /* ParseTwitterUtils.framework in Frameworks */,
				80F4CB6F1BEC4EC3009538A6 /* ParseFacebookUtilsV4.framework in Frameworks */,
			);
			runOnlyForDeploymentPostprocessing = 0;
		};
		80F4CB401BEC4888009538A6 /* Frameworks */ = {
			isa = PBXFrameworksBuildPhase;
			buildActionMask = 2147483647;
			files = (
			);
			runOnlyForDeploymentPostprocessing = 0;
		};
		80F4CB4B1BEC4888009538A6 /* Frameworks */ = {
			isa = PBXFrameworksBuildPhase;
			buildActionMask = 2147483647;
			files = (
			);
			runOnlyForDeploymentPostprocessing = 0;
		};
/* End PBXFrameworksBuildPhase section */

/* Begin PBXGroup section */
		80A02C201C08211E007AA09C /* Restaurant Tab */ = {
			isa = PBXGroup;
			children = (
				AC65FAB51CA09095000867A0 /* RestaurantsTableViewController.h */,
				AC65FAB61CA09095000867A0 /* RestaurantsTableViewController.m */,
				804A7B291BFC36BA000F2DD4 /* MapContainerViewController.h */,
				804A7B2A1BFC36BA000F2DD4 /* MapContainerViewController.m */,
				AC2904851CA31F7F0054B817 /* MenuTableViewController.h */,
				AC2904861CA31F7F0054B817 /* MenuTableViewController.m */,
				ACE3C4711CB2F0DE003E4D94 /* MealIngredientsViewController.h */,
				ACE3C4721CB2F0DE003E4D94 /* MealIngredientsViewController.m */,
			);
			name = "Restaurant Tab";
			sourceTree = "<group>";
		};
		80A02C211C08213A007AA09C /* App UI */ = {
			isa = PBXGroup;
			children = (
				80F4CB361BEC4888009538A6 /* Main.storyboard */,
				AC76D2641CA202E500DDC7FE /* CustomTableViewCell.h */,
				AC76D2651CA202E500DDC7FE /* CustomTableViewCell.m */,
				AC76D2661CA202E500DDC7FE /* CustomTableViewCell.xib */,
			);
			name = "App UI";
			sourceTree = "<group>";
		};
		80A02C221C08280A007AA09C /* Registration */ = {
			isa = PBXGroup;
			children = (
				80A02C231C08284A007AA09C /* LoginViewController.h */,
				80A02C241C08284A007AA09C /* LoginViewController.m */,
				80A02C261C082899007AA09C /* SignUpViewController.h */,
				80A02C271C082899007AA09C /* SignUpViewController.m */,
			);
			name = Registration;
			sourceTree = "<group>";
		};
		80A6A55E1C0B4813001CFEDE /* Personal Info Container */ = {
			isa = PBXGroup;
			children = (
				AC7531151CAC6C170029AC9C /* Preferences */,
				80A6A55F1C0B4F88001CFEDE /* PersonalInfoViewController.h */,
				80A6A5601C0B4F88001CFEDE /* PersonalInfoViewController.m */,
				ACCD4C001CBDD2E8008CCAB7 /* MedsTableViewController.h */,
				ACCD4C011CBDD2E8008CCAB7 /* MedsTableViewController.m */,
				ACDADB351CBDEF1500374367 /* FoodAllergiesTableViewController.h */,
				ACDADB361CBDEF1500374367 /* FoodAllergiesTableViewController.m */,
				AC3009211CBDF2B2003DF9C5 /* SelectedDisordersTableViewController.h */,
				AC3009221CBDF2B2003DF9C5 /* SelectedDisordersTableViewController.m */,
				ACCD4BFD1CBDD072008CCAB7 /* GoalsTableViewController.h */,
				ACCD4BFE1CBDD072008CCAB7 /* GoalsTableViewController.m */,
				AC74C98A1C7CD7CA001BD589 /* SelectionsViewController.h */,
				AC74C98B1C7CD7CA001BD589 /* SelectionsViewController.m */,
			);
			name = "Personal Info Container";
			sourceTree = "<group>";
		};
		80E6414F1C08418600CF203A /* User Profile */ = {
			isa = PBXGroup;
			children = (
				80A6A55E1C0B4813001CFEDE /* Personal Info Container */,
				80E641561C08E83200CF203A /* Account Info Container */,
				AC3009241CBEC989003DF9C5 /* UserProfileViewController.h */,
				AC3009251CBEC989003DF9C5 /* UserProfileViewController.m */,
			);
			name = "User Profile";
			sourceTree = "<group>";
		};
		80E641561C08E83200CF203A /* Account Info Container */ = {
			isa = PBXGroup;
			children = (
				80E641501C0843B100CF203A /* AccountInfoViewController.h */,
				80E641511C0843B100CF203A /* AccountInfoViewController.m */,
				80E641531C08572B00CF203A /* ChangePasswordViewController.h */,
				80E641541C08572B00CF203A /* ChangePasswordViewController.m */,
			);
			name = "Account Info Container";
			sourceTree = "<group>";
		};
		80F4CB211BEC4887009538A6 = {
			isa = PBXGroup;
			children = (
				AC6F29621C7BA2A8001C1707 /* Resources */,
				80F4CB631BEC4EB4009538A6 /* Frameworks */,
				80F4CB2C1BEC4887009538A6 /* iOS MPM */,
				80F4CB461BEC4888009538A6 /* iOS MPMTests */,
				80F4CB511BEC4888009538A6 /* iOS MPMUITests */,
				80F4CB2B1BEC4887009538A6 /* Products */,
			);
			sourceTree = "<group>";
		};
		80F4CB2B1BEC4887009538A6 /* Products */ = {
			isa = PBXGroup;
			children = (
				80F4CB2A1BEC4887009538A6 /* iOS MPM.app */,
				80F4CB431BEC4888009538A6 /* iOS MPMTests.xctest */,
				80F4CB4E1BEC4888009538A6 /* iOS MPMUITests.xctest */,
			);
			name = Products;
			sourceTree = "<group>";
		};
		80F4CB2C1BEC4887009538A6 /* iOS MPM */ = {
			isa = PBXGroup;
			children = (
				80A02C211C08213A007AA09C /* App UI */,
				80A02C221C08280A007AA09C /* Registration */,
				80E6414F1C08418600CF203A /* User Profile */,
				80A02C201C08211E007AA09C /* Restaurant Tab */,
				AC4AAF391CA9B8100048E38C /* Results Tab */,
				80F4CB2D1BEC4887009538A6 /* Supporting Files */,
			);
			path = "iOS MPM";
			sourceTree = "<group>";
		};
		80F4CB2D1BEC4887009538A6 /* Supporting Files */ = {
			isa = PBXGroup;
			children = (
				80F4CB301BEC4887009538A6 /* AppDelegate.h */,
				80F4CB311BEC4888009538A6 /* AppDelegate.m */,
				80F4CB391BEC4888009538A6 /* Assets.xcassets */,
				80F4CB3B1BEC4888009538A6 /* LaunchScreen.storyboard */,
				80F4CB3E1BEC4888009538A6 /* Info.plist */,
				80F4CB2E1BEC4887009538A6 /* main.m */,
				AC1601411C7E09F600904001 /* Meds.plist */,
				AC1601841C7E6E2B00904001 /* MedsCategories.plist */,
				AC1A03F91CA9E49800462AF9 /* Allergies.plist */,
				AC43A1661CAAC1C7000A9BA8 /* Goals.plist */,
			);
			name = "Supporting Files";
			sourceTree = "<group>";
		};
		80F4CB461BEC4888009538A6 /* iOS MPMTests */ = {
			isa = PBXGroup;
			children = (
				80F4CB471BEC4888009538A6 /* iOS_MPMTests.m */,
				80F4CB491BEC4888009538A6 /* Info.plist */,
			);
			path = "iOS MPMTests";
			sourceTree = "<group>";
		};
		80F4CB511BEC4888009538A6 /* iOS MPMUITests */ = {
			isa = PBXGroup;
			children = (
				80F4CB521BEC4888009538A6 /* iOS_MPMUITests.m */,
				80F4CB541BEC4888009538A6 /* Info.plist */,
			);
			path = "iOS MPMUITests";
			sourceTree = "<group>";
		};
		80F4CB631BEC4EB4009538A6 /* Frameworks */ = {
			isa = PBXGroup;
			children = (
				804A7B271BFC3434000F2DD4 /* MapKit.framework */,
				80F4CB841BEC50CC009538A6 /* libsqlite3.tbd */,
				80F4CB821BEC50C3009538A6 /* libz.tbd */,
				80F4CB801BEC50BD009538A6 /* SystemConfiguration.framework */,
				80F4CB7E1BEC50B6009538A6 /* StoreKit.framework */,
				80F4CB7C1BEC50B0009538A6 /* Security.framework */,
				80F4CB7A1BEC50AA009538A6 /* QuartzCore.framework */,
				80F4CB781BEC50A2009538A6 /* CoreLocation.framework */,
				80F4CB761BEC509B009538A6 /* CoreGraphics.framework */,
				80F4CB741BEC5093009538A6 /* CFNetwork.framework */,
				80F4CB721BEC5088009538A6 /* AudioToolbox.framework */,
				80F4CB641BEC4EC3009538A6 /* Bolts.framework */,
				80F4CB651BEC4EC3009538A6 /* ParseCrashReporting.framework */,
				80F4CB661BEC4EC3009538A6 /* Parse.framework */,
				80F4CB671BEC4EC3009538A6 /* ParseFacebookUtils.framework */,
				80F4CB681BEC4EC3009538A6 /* ParseFacebookUtilsV4.framework */,
				80F4CB691BEC4EC3009538A6 /* ParseTwitterUtils.framework */,
				80F4CB6A1BEC4EC3009538A6 /* ParseUI.framework */,
			);
			name = Frameworks;
			sourceTree = "<group>";
		};
		AC4AAF391CA9B8100048E38C /* Results Tab */ = {
			isa = PBXGroup;
			children = (
				AC4AAF3A1CA9B8320048E38C /* ResultsTableViewController.h */,
				AC4AAF3B1CA9B8320048E38C /* ResultsTableViewController.m */,
			);
			name = "Results Tab";
			sourceTree = "<group>";
		};
		AC6F29621C7BA2A8001C1707 /* Resources */ = {
			isa = PBXGroup;
			children = (
				AC6F29631C7BA2B0001C1707 /* Images */,
			);
			name = Resources;
			sourceTree = "<group>";
		};
		AC6F29631C7BA2B0001C1707 /* Images */ = {
			isa = PBXGroup;
			children = (
				AC6F29641C7BA3A0001C1707 /* Cardiology.png */,
				AC6F29651C7BA3A0001C1707 /* Health.png */,
				AC6F29661C7BA3A0001C1707 /* Microscope.png */,
				AC6F29671C7BA3A0001C1707 /* Pills.png */,
			);
			name = Images;
			sourceTree = "<group>";
		};
		AC7531151CAC6C170029AC9C /* Preferences */ = {
			isa = PBXGroup;
			children = (
				AC7531161CAC6C430029AC9C /* LikesViewController.h */,
				AC7531171CAC6C430029AC9C /* LikesViewController.m */,
				AC7531191CAC6C500029AC9C /* DislikesViewController.h */,
				AC75311A1CAC6C500029AC9C /* DislikesViewController.m */,
			);
			name = Preferences;
			sourceTree = "<group>";
		};
/* End PBXGroup section */

/* Begin PBXNativeTarget section */
		80F4CB291BEC4887009538A6 /* iOS MPM */ = {
			isa = PBXNativeTarget;
			buildConfigurationList = 80F4CB571BEC4888009538A6 /* Build configuration list for PBXNativeTarget "iOS MPM" */;
			buildPhases = (
				80F4CB261BEC4887009538A6 /* Sources */,
				80F4CB271BEC4887009538A6 /* Frameworks */,
				80F4CB281BEC4887009538A6 /* Resources */,
			);
			buildRules = (
			);
			dependencies = (
			);
			name = "iOS MPM";
			productName = "iOS MPM";
			productReference = 80F4CB2A1BEC4887009538A6 /* iOS MPM.app */;
			productType = "com.apple.product-type.application";
		};
		80F4CB421BEC4888009538A6 /* iOS MPMTests */ = {
			isa = PBXNativeTarget;
			buildConfigurationList = 80F4CB5A1BEC4888009538A6 /* Build configuration list for PBXNativeTarget "iOS MPMTests" */;
			buildPhases = (
				80F4CB3F1BEC4888009538A6 /* Sources */,
				80F4CB401BEC4888009538A6 /* Frameworks */,
				80F4CB411BEC4888009538A6 /* Resources */,
			);
			buildRules = (
			);
			dependencies = (
				80F4CB451BEC4888009538A6 /* PBXTargetDependency */,
			);
			name = "iOS MPMTests";
			productName = "iOS MPMTests";
			productReference = 80F4CB431BEC4888009538A6 /* iOS MPMTests.xctest */;
			productType = "com.apple.product-type.bundle.unit-test";
		};
		80F4CB4D1BEC4888009538A6 /* iOS MPMUITests */ = {
			isa = PBXNativeTarget;
			buildConfigurationList = 80F4CB5D1BEC4888009538A6 /* Build configuration list for PBXNativeTarget "iOS MPMUITests" */;
			buildPhases = (
				80F4CB4A1BEC4888009538A6 /* Sources */,
				80F4CB4B1BEC4888009538A6 /* Frameworks */,
				80F4CB4C1BEC4888009538A6 /* Resources */,
			);
			buildRules = (
			);
			dependencies = (
				80F4CB501BEC4888009538A6 /* PBXTargetDependency */,
			);
			name = "iOS MPMUITests";
			productName = "iOS MPMUITests";
			productReference = 80F4CB4E1BEC4888009538A6 /* iOS MPMUITests.xctest */;
			productType = "com.apple.product-type.bundle.ui-testing";
		};
/* End PBXNativeTarget section */

/* Begin PBXProject section */
		80F4CB221BEC4887009538A6 /* Project object */ = {
			isa = PBXProject;
			attributes = {
				LastUpgradeCheck = 0710;
				ORGANIZATIONNAME = "Abed Kassem";
				TargetAttributes = {
					80F4CB291BEC4887009538A6 = {
						CreatedOnToolsVersion = 7.1;
						DevelopmentTeam = FU59F7W4X5;
					};
					80F4CB421BEC4888009538A6 = {
						CreatedOnToolsVersion = 7.1;
						TestTargetID = 80F4CB291BEC4887009538A6;
					};
					80F4CB4D1BEC4888009538A6 = {
						CreatedOnToolsVersion = 7.1;
						TestTargetID = 80F4CB291BEC4887009538A6;
					};
				};
			};
			buildConfigurationList = 80F4CB251BEC4887009538A6 /* Build configuration list for PBXProject "iOS MPM" */;
			compatibilityVersion = "Xcode 3.2";
			developmentRegion = English;
			hasScannedForEncodings = 0;
			knownRegions = (
				en,
				Base,
			);
			mainGroup = 80F4CB211BEC4887009538A6;
			productRefGroup = 80F4CB2B1BEC4887009538A6 /* Products */;
			projectDirPath = "";
			projectRoot = "";
			targets = (
				80F4CB291BEC4887009538A6 /* iOS MPM */,
				80F4CB421BEC4888009538A6 /* iOS MPMTests */,
				80F4CB4D1BEC4888009538A6 /* iOS MPMUITests */,
			);
		};
/* End PBXProject section */

/* Begin PBXResourcesBuildPhase section */
		80F4CB281BEC4887009538A6 /* Resources */ = {
			isa = PBXResourcesBuildPhase;
			buildActionMask = 2147483647;
			files = (
				80F4CB3D1BEC4888009538A6 /* LaunchScreen.storyboard in Resources */,
				AC6F29691C7BA3A0001C1707 /* Health.png in Resources */,
				AC6F296A1C7BA3A0001C1707 /* Microscope.png in Resources */,
				80F4CB3A1BEC4888009538A6 /* Assets.xcassets in Resources */,
				80F4CB381BEC4888009538A6 /* Main.storyboard in Resources */,
				AC1601851C7E6E2B00904001 /* MedsCategories.plist in Resources */,
				AC1601421C7E09F600904001 /* Meds.plist in Resources */,
				AC6F296B1C7BA3A0001C1707 /* Pills.png in Resources */,
				AC76D2681CA202E500DDC7FE /* CustomTableViewCell.xib in Resources */,
				AC6F29681C7BA3A0001C1707 /* Cardiology.png in Resources */,
				AC1A03FA1CA9E49800462AF9 /* Allergies.plist in Resources */,
				AC43A1671CAAC1C7000A9BA8 /* Goals.plist in Resources */,
			);
			runOnlyForDeploymentPostprocessing = 0;
		};
		80F4CB411BEC4888009538A6 /* Resources */ = {
			isa = PBXResourcesBuildPhase;
			buildActionMask = 2147483647;
			files = (
			);
			runOnlyForDeploymentPostprocessing = 0;
		};
		80F4CB4C1BEC4888009538A6 /* Resources */ = {
			isa = PBXResourcesBuildPhase;
			buildActionMask = 2147483647;
			files = (
			);
			runOnlyForDeploymentPostprocessing = 0;
		};
/* End PBXResourcesBuildPhase section */

/* Begin PBXSourcesBuildPhase section */
		80F4CB261BEC4887009538A6 /* Sources */ = {
			isa = PBXSourcesBuildPhase;
			buildActionMask = 2147483647;
			files = (
				AC2904871CA31F7F0054B817 /* MenuTableViewController.m in Sources */,
				AC74C98C1C7CD7CA001BD589 /* SelectionsViewController.m in Sources */,
				AC3009231CBDF2B2003DF9C5 /* SelectedDisordersTableViewController.m in Sources */,
				ACCD4C021CBDD2E8008CCAB7 /* MedsTableViewController.m in Sources */,
				80E641521C0843B100CF203A /* AccountInfoViewController.m in Sources */,
				ACDADB371CBDEF1500374367 /* FoodAllergiesTableViewController.m in Sources */,
				AC3009261CBEC989003DF9C5 /* UserProfileViewController.m in Sources */,
				AC4AAF3C1CA9B8320048E38C /* ResultsTableViewController.m in Sources */,
				80F4CB321BEC4888009538A6 /* AppDelegate.m in Sources */,
				AC7531181CAC6C430029AC9C /* LikesViewController.m in Sources */,
				80A6A5611C0B4F88001CFEDE /* PersonalInfoViewController.m in Sources */,
				80A02C251C08284A007AA09C /* LoginViewController.m in Sources */,
				80F4CB2F1BEC4887009538A6 /* main.m in Sources */,
				AC76D2671CA202E500DDC7FE /* CustomTableViewCell.m in Sources */,
				AC75311B1CAC6C500029AC9C /* DislikesViewController.m in Sources */,
				AC65FAB71CA09095000867A0 /* RestaurantsTableViewController.m in Sources */,
				ACE3C4731CB2F0DE003E4D94 /* MealIngredientsViewController.m in Sources */,
				80A02C281C082899007AA09C /* SignUpViewController.m in Sources */,
				80E641551C08572B00CF203A /* ChangePasswordViewController.m in Sources */,
				ACCD4BFF1CBDD072008CCAB7 /* GoalsTableViewController.m in Sources */,
				804A7B2B1BFC36BA000F2DD4 /* MapContainerViewController.m in Sources */,
			);
			runOnlyForDeploymentPostprocessing = 0;
		};
		80F4CB3F1BEC4888009538A6 /* Sources */ = {
			isa = PBXSourcesBuildPhase;
			buildActionMask = 2147483647;
			files = (
				80F4CB481BEC4888009538A6 /* iOS_MPMTests.m in Sources */,
			);
			runOnlyForDeploymentPostprocessing = 0;
		};
		80F4CB4A1BEC4888009538A6 /* Sources */ = {
			isa = PBXSourcesBuildPhase;
			buildActionMask = 2147483647;
			files = (
				80F4CB531BEC4888009538A6 /* iOS_MPMUITests.m in Sources */,
			);
			runOnlyForDeploymentPostprocessing = 0;
		};
/* End PBXSourcesBuildPhase section */

/* Begin PBXTargetDependency section */
		80F4CB451BEC4888009538A6 /* PBXTargetDependency */ = {
			isa = PBXTargetDependency;
			target = 80F4CB291BEC4887009538A6 /* iOS MPM */;
			targetProxy = 80F4CB441BEC4888009538A6 /* PBXContainerItemProxy */;
		};
		80F4CB501BEC4888009538A6 /* PBXTargetDependency */ = {
			isa = PBXTargetDependency;
			target = 80F4CB291BEC4887009538A6 /* iOS MPM */;
			targetProxy = 80F4CB4F1BEC4888009538A6 /* PBXContainerItemProxy */;
		};
/* End PBXTargetDependency section */

/* Begin PBXVariantGroup section */
		80F4CB361BEC4888009538A6 /* Main.storyboard */ = {
			isa = PBXVariantGroup;
			children = (
				80F4CB371BEC4888009538A6 /* Base */,
			);
			name = Main.storyboard;
			sourceTree = "<group>";
		};
		80F4CB3B1BEC4888009538A6 /* LaunchScreen.storyboard */ = {
			isa = PBXVariantGroup;
			children = (
				80F4CB3C1BEC4888009538A6 /* Base */,
			);
			name = LaunchScreen.storyboard;
			sourceTree = "<group>";
		};
/* End PBXVariantGroup section */

/* Begin XCBuildConfiguration section */
		80F4CB551BEC4888009538A6 /* Debug */ = {
			isa = XCBuildConfiguration;
			buildSettings = {
				ALWAYS_SEARCH_USER_PATHS = NO;
				CLANG_CXX_LANGUAGE_STANDARD = "gnu++0x";
				CLANG_CXX_LIBRARY = "libc++";
				CLANG_ENABLE_MODULES = YES;
				CLANG_ENABLE_OBJC_ARC = YES;
				CLANG_WARN_BOOL_CONVERSION = YES;
				CLANG_WARN_CONSTANT_CONVERSION = YES;
				CLANG_WARN_DIRECT_OBJC_ISA_USAGE = YES_ERROR;
				CLANG_WARN_EMPTY_BODY = YES;
				CLANG_WARN_ENUM_CONVERSION = YES;
				CLANG_WARN_INT_CONVERSION = YES;
				CLANG_WARN_OBJC_ROOT_CLASS = YES_ERROR;
				CLANG_WARN_UNREACHABLE_CODE = YES;
				CLANG_WARN__DUPLICATE_METHOD_MATCH = YES;
				"CODE_SIGN_IDENTITY[sdk=iphoneos*]" = "iPhone Developer";
				COPY_PHASE_STRIP = NO;
				DEBUG_INFORMATION_FORMAT = dwarf;
				ENABLE_STRICT_OBJC_MSGSEND = YES;
				ENABLE_TESTABILITY = YES;
				GCC_C_LANGUAGE_STANDARD = gnu99;
				GCC_DYNAMIC_NO_PIC = NO;
				GCC_NO_COMMON_BLOCKS = YES;
				GCC_OPTIMIZATION_LEVEL = 0;
				GCC_PREPROCESSOR_DEFINITIONS = (
					"DEBUG=1",
					"$(inherited)",
				);
				GCC_WARN_64_TO_32_BIT_CONVERSION = YES;
				GCC_WARN_ABOUT_RETURN_TYPE = YES_ERROR;
				GCC_WARN_UNDECLARED_SELECTOR = YES;
				GCC_WARN_UNINITIALIZED_AUTOS = YES_AGGRESSIVE;
				GCC_WARN_UNUSED_FUNCTION = YES;
				GCC_WARN_UNUSED_VARIABLE = YES;
				IPHONEOS_DEPLOYMENT_TARGET = 9.1;
				MTL_ENABLE_DEBUG_INFO = YES;
				ONLY_ACTIVE_ARCH = YES;
				SDKROOT = iphoneos;
				TARGETED_DEVICE_FAMILY = "1,2";
			};
			name = Debug;
		};
		80F4CB561BEC4888009538A6 /* Release */ = {
			isa = XCBuildConfiguration;
			buildSettings = {
				ALWAYS_SEARCH_USER_PATHS = NO;
				CLANG_CXX_LANGUAGE_STANDARD = "gnu++0x";
				CLANG_CXX_LIBRARY = "libc++";
				CLANG_ENABLE_MODULES = YES;
				CLANG_ENABLE_OBJC_ARC = YES;
				CLANG_WARN_BOOL_CONVERSION = YES;
				CLANG_WARN_CONSTANT_CONVERSION = YES;
				CLANG_WARN_DIRECT_OBJC_ISA_USAGE = YES_ERROR;
				CLANG_WARN_EMPTY_BODY = YES;
				CLANG_WARN_ENUM_CONVERSION = YES;
				CLANG_WARN_INT_CONVERSION = YES;
				CLANG_WARN_OBJC_ROOT_CLASS = YES_ERROR;
				CLANG_WARN_UNREACHABLE_CODE = YES;
				CLANG_WARN__DUPLICATE_METHOD_MATCH = YES;
				"CODE_SIGN_IDENTITY[sdk=iphoneos*]" = "iPhone Developer";
				COPY_PHASE_STRIP = NO;
				DEBUG_INFORMATION_FORMAT = "dwarf-with-dsym";
				ENABLE_NS_ASSERTIONS = NO;
				ENABLE_STRICT_OBJC_MSGSEND = YES;
				GCC_C_LANGUAGE_STANDARD = gnu99;
				GCC_NO_COMMON_BLOCKS = YES;
				GCC_WARN_64_TO_32_BIT_CONVERSION = YES;
				GCC_WARN_ABOUT_RETURN_TYPE = YES_ERROR;
				GCC_WARN_UNDECLARED_SELECTOR = YES;
				GCC_WARN_UNINITIALIZED_AUTOS = YES_AGGRESSIVE;
				GCC_WARN_UNUSED_FUNCTION = YES;
				GCC_WARN_UNUSED_VARIABLE = YES;
				IPHONEOS_DEPLOYMENT_TARGET = 9.1;
				MTL_ENABLE_DEBUG_INFO = NO;
				SDKROOT = iphoneos;
				TARGETED_DEVICE_FAMILY = "1,2";
				VALIDATE_PRODUCT = YES;
			};
			name = Release;
		};
		80F4CB581BEC4888009538A6 /* Debug */ = {
			isa = XCBuildConfiguration;
			buildSettings = {
				ASSETCATALOG_COMPILER_APPICON_NAME = AppIcon;
				CODE_SIGN_IDENTITY = "iPhone Developer";
				"CODE_SIGN_IDENTITY[sdk=iphoneos*]" = "iPhone Developer";
				FRAMEWORK_SEARCH_PATHS = (
					"$(inherited)",
					"$(PROJECT_DIR)",
				);
				INFOPLIST_FILE = "iOS MPM/Info.plist";
				LD_RUNPATH_SEARCH_PATHS = "$(inherited) @executable_path/Frameworks";
				PRODUCT_BUNDLE_IDENTIFIER = "SD.iOS-MPM";
				PRODUCT_NAME = "$(TARGET_NAME)";
				PROVISIONING_PROFILE = "";
				TARGETED_DEVICE_FAMILY = 1;
			};
			name = Debug;
		};
		80F4CB591BEC4888009538A6 /* Release */ = {
			isa = XCBuildConfiguration;
			buildSettings = {
				ASSETCATALOG_COMPILER_APPICON_NAME = AppIcon;
				CODE_SIGN_IDENTITY = "iPhone Developer";
				"CODE_SIGN_IDENTITY[sdk=iphoneos*]" = "iPhone Developer";
				FRAMEWORK_SEARCH_PATHS = (
					"$(inherited)",
					"$(PROJECT_DIR)",
				);
				INFOPLIST_FILE = "iOS MPM/Info.plist";
				LD_RUNPATH_SEARCH_PATHS = "$(inherited) @executable_path/Frameworks";
				PRODUCT_BUNDLE_IDENTIFIER = "SD.iOS-MPM";
				PRODUCT_NAME = "$(TARGET_NAME)";
				PROVISIONING_PROFILE = "";
				TARGETED_DEVICE_FAMILY = 1;
			};
			name = Release;
		};
		80F4CB5B1BEC4888009538A6 /* Debug */ = {
			isa = XCBuildConfiguration;
			buildSettings = {
				BUNDLE_LOADER = "$(TEST_HOST)";
				INFOPLIST_FILE = "iOS MPMTests/Info.plist";
				LD_RUNPATH_SEARCH_PATHS = "$(inherited) @executable_path/Frameworks @loader_path/Frameworks";
				PRODUCT_BUNDLE_IDENTIFIER = "SD.iOS-MPMTests";
				PRODUCT_NAME = "$(TARGET_NAME)";
				TEST_HOST = "$(BUILT_PRODUCTS_DIR)/iOS MPM.app/iOS MPM";
			};
			name = Debug;
		};
		80F4CB5C1BEC4888009538A6 /* Release */ = {
			isa = XCBuildConfiguration;
			buildSettings = {
				BUNDLE_LOADER = "$(TEST_HOST)";
				INFOPLIST_FILE = "iOS MPMTests/Info.plist";
				LD_RUNPATH_SEARCH_PATHS = "$(inherited) @executable_path/Frameworks @loader_path/Frameworks";
				PRODUCT_BUNDLE_IDENTIFIER = "SD.iOS-MPMTests";
				PRODUCT_NAME = "$(TARGET_NAME)";
				TEST_HOST = "$(BUILT_PRODUCTS_DIR)/iOS MPM.app/iOS MPM";
			};
			name = Release;
		};
		80F4CB5E1BEC4888009538A6 /* Debug */ = {
			isa = XCBuildConfiguration;
			buildSettings = {
				INFOPLIST_FILE = "iOS MPMUITests/Info.plist";
				LD_RUNPATH_SEARCH_PATHS = "$(inherited) @executable_path/Frameworks @loader_path/Frameworks";
				PRODUCT_BUNDLE_IDENTIFIER = "SD.iOS-MPMUITests";
				PRODUCT_NAME = "$(TARGET_NAME)";
				TEST_TARGET_NAME = "iOS MPM";
				USES_XCTRUNNER = YES;
			};
			name = Debug;
		};
		80F4CB5F1BEC4888009538A6 /* Release */ = {
			isa = XCBuildConfiguration;
			buildSettings = {
				INFOPLIST_FILE = "iOS MPMUITests/Info.plist";
				LD_RUNPATH_SEARCH_PATHS = "$(inherited) @executable_path/Frameworks @loader_path/Frameworks";
				PRODUCT_BUNDLE_IDENTIFIER = "SD.iOS-MPMUITests";
				PRODUCT_NAME = "$(TARGET_NAME)";
				TEST_TARGET_NAME = "iOS MPM";
				USES_XCTRUNNER = YES;
			};
			name = Release;
		};
/* End XCBuildConfiguration section */

/* Begin XCConfigurationList section */
		80F4CB251BEC4887009538A6 /* Build configuration list for PBXProject "iOS MPM" */ = {
			isa = XCConfigurationList;
			buildConfigurations = (
				80F4CB551BEC4888009538A6 /* Debug */,
				80F4CB561BEC4888009538A6 /* Release */,
			);
			defaultConfigurationIsVisible = 0;
			defaultConfigurationName = Release;
		};
		80F4CB571BEC4888009538A6 /* Build configuration list for PBXNativeTarget "iOS MPM" */ = {
			isa = XCConfigurationList;
			buildConfigurations = (
				80F4CB581BEC4888009538A6 /* Debug */,
				80F4CB591BEC4888009538A6 /* Release */,
			);
			defaultConfigurationIsVisible = 0;
			defaultConfigurationName = Release;
		};
		80F4CB5A1BEC4888009538A6 /* Build configuration list for PBXNativeTarget "iOS MPMTests" */ = {
			isa = XCConfigurationList;
			buildConfigurations = (
				80F4CB5B1BEC4888009538A6 /* Debug */,
				80F4CB5C1BEC4888009538A6 /* Release */,
			);
			defaultConfigurationIsVisible = 0;
			defaultConfigurationName = Release;
		};
		80F4CB5D1BEC4888009538A6 /* Build configuration list for PBXNativeTarget "iOS MPMUITests" */ = {
			isa = XCConfigurationList;
			buildConfigurations = (
				80F4CB5E1BEC4888009538A6 /* Debug */,
				80F4CB5F1BEC4888009538A6 /* Release */,
			);
			defaultConfigurationIsVisible = 0;
			defaultConfigurationName = Release;
		};
/* End XCConfigurationList section */
	};
	rootObject = 80F4CB221BEC4887009538A6 /* Project object */;
}
